// !$*UTF8*$!
{
	archiveVersion = 1;
	classes = {
	};
	objectVersion = 51;
	objects = {

/* Begin PBXBuildFile section */
		63339BAC25762135003214F4 /* MainViewController.swift in Sources */ = {isa = PBXBuildFile; fileRef = 63339BAB25762135003214F4 /* MainViewController.swift */; };
		63339BB5257627AE003214F4 /* LogInType.swift in Sources */ = {isa = PBXBuildFile; fileRef = 63339BB4257627AE003214F4 /* LogInType.swift */; };
		63339BBA257712F8003214F4 /* UserInfoHelper.swift in Sources */ = {isa = PBXBuildFile; fileRef = 63339BB9257712F8003214F4 /* UserInfoHelper.swift */; };
		63B449E9257610C00038E1A4 /* AppDelegate.swift in Sources */ = {isa = PBXBuildFile; fileRef = 63B449E8257610C00038E1A4 /* AppDelegate.swift */; };
		63B449EB257610C00038E1A4 /* SceneDelegate.swift in Sources */ = {isa = PBXBuildFile; fileRef = 63B449EA257610C00038E1A4 /* SceneDelegate.swift */; };
		63B449ED257610C00038E1A4 /* LoginViewController.swift in Sources */ = {isa = PBXBuildFile; fileRef = 63B449EC257610C00038E1A4 /* LoginViewController.swift */; };
		63B449F0257610C00038E1A4 /* Main.storyboard in Resources */ = {isa = PBXBuildFile; fileRef = 63B449EE257610C00038E1A4 /* Main.storyboard */; };
		63B449F2257610C20038E1A4 /* Assets.xcassets in Resources */ = {isa = PBXBuildFile; fileRef = 63B449F1257610C20038E1A4 /* Assets.xcassets */; };
		63B449F5257610C20038E1A4 /* LaunchScreen.storyboard in Resources */ = {isa = PBXBuildFile; fileRef = 63B449F3257610C20038E1A4 /* LaunchScreen.storyboard */; };
		EB3AB8DADCA02C2807021961 /* Pods_SocialLogin.framework in Frameworks */ = {isa = PBXBuildFile; fileRef = 42CE94B91BE6BA19B70658CD /* Pods_SocialLogin.framework */; };
/* End PBXBuildFile section */

/* Begin PBXFileReference section */
		42CE94B91BE6BA19B70658CD /* Pods_SocialLogin.framework */ = {isa = PBXFileReference; explicitFileType = wrapper.framework; includeInIndex = 0; path = Pods_SocialLogin.framework; sourceTree = BUILT_PRODUCTS_DIR; };
		4967AC34D925FCD689E8CEF5 /* Pods-SocialLogin.debug.xcconfig */ = {isa = PBXFileReference; includeInIndex = 1; lastKnownFileType = text.xcconfig; name = "Pods-SocialLogin.debug.xcconfig"; path = "Target Support Files/Pods-SocialLogin/Pods-SocialLogin.debug.xcconfig"; sourceTree = "<group>"; };
		63339BAB25762135003214F4 /* MainViewController.swift */ = {isa = PBXFileReference; lastKnownFileType = sourcecode.swift; path = MainViewController.swift; sourceTree = "<group>"; };
		63339BB4257627AE003214F4 /* LogInType.swift */ = {isa = PBXFileReference; lastKnownFileType = sourcecode.swift; path = LogInType.swift; sourceTree = "<group>"; };
		63339BB725762842003214F4 /* SocialLogin.entitlements */ = {isa = PBXFileReference; lastKnownFileType = text.plist.entitlements; path = SocialLogin.entitlements; sourceTree = "<group>"; };
		63339BB9257712F8003214F4 /* UserInfoHelper.swift */ = {isa = PBXFileReference; lastKnownFileType = sourcecode.swift; path = UserInfoHelper.swift; sourceTree = "<group>"; };
		63B449E5257610C00038E1A4 /* SocialLogin.app */ = {isa = PBXFileReference; explicitFileType = wrapper.application; includeInIndex = 0; path = SocialLogin.app; sourceTree = BUILT_PRODUCTS_DIR; };
		63B449E8257610C00038E1A4 /* AppDelegate.swift */ = {isa = PBXFileReference; lastKnownFileType = sourcecode.swift; path = AppDelegate.swift; sourceTree = "<group>"; };
		63B449EA257610C00038E1A4 /* SceneDelegate.swift */ = {isa = PBXFileReference; lastKnownFileType = sourcecode.swift; path = SceneDelegate.swift; sourceTree = "<group>"; };
		63B449EC257610C00038E1A4 /* LoginViewController.swift */ = {isa = PBXFileReference; lastKnownFileType = sourcecode.swift; path = LoginViewController.swift; sourceTree = "<group>"; };
		63B449EF257610C00038E1A4 /* Base */ = {isa = PBXFileReference; lastKnownFileType = file.storyboard; name = Base; path = Base.lproj/Main.storyboard; sourceTree = "<group>"; };
		63B449F1257610C20038E1A4 /* Assets.xcassets */ = {isa = PBXFileReference; lastKnownFileType = folder.assetcatalog; path = Assets.xcassets; sourceTree = "<group>"; };
		63B449F4257610C20038E1A4 /* Base */ = {isa = PBXFileReference; lastKnownFileType = file.storyboard; name = Base; path = Base.lproj/LaunchScreen.storyboard; sourceTree = "<group>"; };
		63B449F6257610C20038E1A4 /* Info.plist */ = {isa = PBXFileReference; lastKnownFileType = text.plist.xml; path = Info.plist; sourceTree = "<group>"; };
		B344A05F6EA4BE52A0185136 /* Pods-SocialLogin.release.xcconfig */ = {isa = PBXFileReference; includeInIndex = 1; lastKnownFileType = text.xcconfig; name = "Pods-SocialLogin.release.xcconfig"; path = "Target Support Files/Pods-SocialLogin/Pods-SocialLogin.release.xcconfig"; sourceTree = "<group>"; };
/* End PBXFileReference section */

/* Begin PBXFrameworksBuildPhase section */
		63B449E2257610C00038E1A4 /* Frameworks */ = {
			isa = PBXFrameworksBuildPhase;
			buildActionMask = 2147483647;
			files = (
				EB3AB8DADCA02C2807021961 /* Pods_SocialLogin.framework in Frameworks */,
			);
			runOnlyForDeploymentPostprocessing = 0;
		};
/* End PBXFrameworksBuildPhase section */

/* Begin PBXGroup section */
		63B449DC257610C00038E1A4 = {
			isa = PBXGroup;
			children = (
				63B449E7257610C00038E1A4 /* SocialLogin */,
				63B449E6257610C00038E1A4 /* Products */,
				E469721261740E6AD66B3AD8 /* Pods */,
				6DF7E76E8E5D1D3534AF1783 /* Frameworks */,
			);
			sourceTree = "<group>";
		};
		63B449E6257610C00038E1A4 /* Products */ = {
			isa = PBXGroup;
			children = (
				63B449E5257610C00038E1A4 /* SocialLogin.app */,
			);
			name = Products;
			sourceTree = "<group>";
		};
		63B449E7257610C00038E1A4 /* SocialLogin */ = {
			isa = PBXGroup;
			children = (
				63339BB725762842003214F4 /* SocialLogin.entitlements */,
				63B449E8257610C00038E1A4 /* AppDelegate.swift */,
				63B449EA257610C00038E1A4 /* SceneDelegate.swift */,
				63B449EC257610C00038E1A4 /* LoginViewController.swift */,
				63B449EE257610C00038E1A4 /* Main.storyboard */,
				63B449F1257610C20038E1A4 /* Assets.xcassets */,
				63B449F3257610C20038E1A4 /* LaunchScreen.storyboard */,
				63B449F6257610C20038E1A4 /* Info.plist */,
				63339BAB25762135003214F4 /* MainViewController.swift */,
				63339BB4257627AE003214F4 /* LogInType.swift */,
				63339BB9257712F8003214F4 /* UserInfoHelper.swift */,
			);
			path = SocialLogin;
			sourceTree = "<group>";
		};
		6DF7E76E8E5D1D3534AF1783 /* Frameworks */ = {
			isa = PBXGroup;
			children = (
				42CE94B91BE6BA19B70658CD /* Pods_SocialLogin.framework */,
			);
			name = Frameworks;
			sourceTree = "<group>";
		};
		E469721261740E6AD66B3AD8 /* Pods */ = {
			isa = PBXGroup;
			children = (
				4967AC34D925FCD689E8CEF5 /* Pods-SocialLogin.debug.xcconfig */,
				B344A05F6EA4BE52A0185136 /* Pods-SocialLogin.release.xcconfig */,
			);
			path = Pods;
			sourceTree = "<group>";
		};
/* End PBXGroup section */

/* Begin PBXNativeTarget section */
		63B449E4257610C00038E1A4 /* SocialLogin */ = {
			isa = PBXNativeTarget;
			buildConfigurationList = 63B449F9257610C20038E1A4 /* Build configuration list for PBXNativeTarget "SocialLogin" */;
			buildPhases = (
				93C9F37F896BDB971D5246A2 /* [CP] Check Pods Manifest.lock */,
				63B449E1257610C00038E1A4 /* Sources */,
				63B449E2257610C00038E1A4 /* Frameworks */,
				63B449E3257610C00038E1A4 /* Resources */,
				FA0F8B51D5951D5D0541084F /* [CP] Embed Pods Frameworks */,
				1997C5D272F6358821D1BDEE /* [CP] Copy Pods Resources */,
			);
			buildRules = (
			);
			dependencies = (
			);
			name = SocialLogin;
			productName = SocialLogin;
			productReference = 63B449E5257610C00038E1A4 /* SocialLogin.app */;
			productType = "com.apple.product-type.application";
		};
/* End PBXNativeTarget section */

/* Begin PBXProject section */
		63B449DD257610C00038E1A4 /* Project object */ = {
			isa = PBXProject;
			attributes = {
				LastSwiftUpdateCheck = 1170;
				LastUpgradeCheck = 1170;
				ORGANIZATIONNAME = zenoTeam;
				TargetAttributes = {
					63B449E4257610C00038E1A4 = {
						CreatedOnToolsVersion = 11.7;
					};
				};
			};
			buildConfigurationList = 63B449E0257610C00038E1A4 /* Build configuration list for PBXProject "SocialLogin" */;
			compatibilityVersion = "Xcode 9.3";
			developmentRegion = en;
			hasScannedForEncodings = 0;
			knownRegions = (
				en,
				Base,
			);
			mainGroup = 63B449DC257610C00038E1A4;
			productRefGroup = 63B449E6257610C00038E1A4 /* Products */;
			projectDirPath = "";
			projectRoot = "";
			targets = (
				63B449E4257610C00038E1A4 /* SocialLogin */,
			);
		};
/* End PBXProject section */

/* Begin PBXResourcesBuildPhase section */
		63B449E3257610C00038E1A4 /* Resources */ = {
			isa = PBXResourcesBuildPhase;
			buildActionMask = 2147483647;
			files = (
				63B449F5257610C20038E1A4 /* LaunchScreen.storyboard in Resources */,
				63B449F2257610C20038E1A4 /* Assets.xcassets in Resources */,
				63B449F0257610C00038E1A4 /* Main.storyboard in Resources */,
			);
			runOnlyForDeploymentPostprocessing = 0;
		};
/* End PBXResourcesBuildPhase section */

/* Begin PBXShellScriptBuildPhase section */
		1997C5D272F6358821D1BDEE /* [CP] Copy Pods Resources */ = {
			isa = PBXShellScriptBuildPhase;
			buildActionMask = 2147483647;
			files = (
			);
			inputFileListPaths = (
				"${PODS_ROOT}/Target Support Files/Pods-SocialLogin/Pods-SocialLogin-resources-${CONFIGURATION}-input-files.xcfilelist",
			);
			name = "[CP] Copy Pods Resources";
			outputFileListPaths = (
				"${PODS_ROOT}/Target Support Files/Pods-SocialLogin/Pods-SocialLogin-resources-${CONFIGURATION}-output-files.xcfilelist",
			);
			runOnlyForDeploymentPostprocessing = 0;
			shellPath = /bin/sh;
			shellScript = "\"${PODS_ROOT}/Target Support Files/Pods-SocialLogin/Pods-SocialLogin-resources.sh\"\n";
			showEnvVarsInLog = 0;
		};
		93C9F37F896BDB971D5246A2 /* [CP] Check Pods Manifest.lock */ = {
			isa = PBXShellScriptBuildPhase;
			buildActionMask = 2147483647;
			files = (
			);
			inputFileListPaths = (
			);
			inputPaths = (
				"${PODS_PODFILE_DIR_PATH}/Podfile.lock",
				"${PODS_ROOT}/Manifest.lock",
			);
			name = "[CP] Check Pods Manifest.lock";
			outputFileListPaths = (
			);
			outputPaths = (
				"$(DERIVED_FILE_DIR)/Pods-SocialLogin-checkManifestLockResult.txt",
			);
			runOnlyForDeploymentPostprocessing = 0;
			shellPath = /bin/sh;
			shellScript = "diff \"${PODS_PODFILE_DIR_PATH}/Podfile.lock\" \"${PODS_ROOT}/Manifest.lock\" > /dev/null\nif [ $? != 0 ] ; then\n    # print error to STDERR\n    echo \"error: The sandbox is not in sync with the Podfile.lock. Run 'pod install' or update your CocoaPods installation.\" >&2\n    exit 1\nfi\n# This output is used by Xcode 'outputs' to avoid re-running this script phase.\necho \"SUCCESS\" > \"${SCRIPT_OUTPUT_FILE_0}\"\n";
			showEnvVarsInLog = 0;
		};
		FA0F8B51D5951D5D0541084F /* [CP] Embed Pods Frameworks */ = {
			isa = PBXShellScriptBuildPhase;
			buildActionMask = 2147483647;
			files = (
			);
			inputFileListPaths = (
				"${PODS_ROOT}/Target Support Files/Pods-SocialLogin/Pods-SocialLogin-frameworks-${CONFIGURATION}-input-files.xcfilelist",
			);
			name = "[CP] Embed Pods Frameworks";
			outputFileListPaths = (
				"${PODS_ROOT}/Target Support Files/Pods-SocialLogin/Pods-SocialLogin-frameworks-${CONFIGURATION}-output-files.xcfilelist",
			);
			runOnlyForDeploymentPostprocessing = 0;
			shellPath = /bin/sh;
			shellScript = "\"${PODS_ROOT}/Target Support Files/Pods-SocialLogin/Pods-SocialLogin-frameworks.sh\"\n";
			showEnvVarsInLog = 0;
		};
/* End PBXShellScriptBuildPhase section */

/* Begin PBXSourcesBuildPhase section */
		63B449E1257610C00038E1A4 /* Sources */ = {
			isa = PBXSourcesBuildPhase;
			buildActionMask = 2147483647;
			files = (
				63339BBA257712F8003214F4 /* UserInfoHelper.swift in Sources */,
				63B449ED257610C00038E1A4 /* LoginViewController.swift in Sources */,
				63B449E9257610C00038E1A4 /* AppDelegate.swift in Sources */,
				63339BB5257627AE003214F4 /* LogInType.swift in Sources */,
				63B449EB257610C00038E1A4 /* SceneDelegate.swift in Sources */,
				63339BAC25762135003214F4 /* MainViewController.swift in Sources */,
			);
			runOnlyForDeploymentPostprocessing = 0;
		};
/* End PBXSourcesBuildPhase section */

/* Begin PBXVariantGroup section */
		63B449EE257610C00038E1A4 /* Main.storyboard */ = {
			isa = PBXVariantGroup;
			children = (
				63B449EF257610C00038E1A4 /* Base */,
			);
			name = Main.storyboard;
			sourceTree = "<group>";
		};
		63B449F3257610C20038E1A4 /* LaunchScreen.storyboard */ = {
			isa = PBXVariantGroup;
			children = (
				63B449F4257610C20038E1A4 /* Base */,
			);
			name = LaunchScreen.storyboard;
			sourceTree = "<group>";
		};
/* End PBXVariantGroup section */

/* Begin XCBuildConfiguration section */
		63B449F7257610C20038E1A4 /* Debug */ = {
			isa = XCBuildConfiguration;
			buildSettings = {
				ALWAYS_SEARCH_USER_PATHS = NO;
				CLANG_ANALYZER_NONNULL = YES;
				CLANG_ANALYZER_NUMBER_OBJECT_CONVERSION = YES_AGGRESSIVE;
				CLANG_CXX_LANGUAGE_STANDARD = "gnu++14";
				CLANG_CXX_LIBRARY = "libc++";
				CLANG_ENABLE_MODULES = YES;
				CLANG_ENABLE_OBJC_ARC = YES;
				CLANG_ENABLE_OBJC_WEAK = YES;
				CLANG_WARN_BLOCK_CAPTURE_AUTORELEASING = YES;
				CLANG_WARN_BOOL_CONVERSION = YES;
				CLANG_WARN_COMMA = YES;
				CLANG_WARN_CONSTANT_CONVERSION = YES;
				CLANG_WARN_DEPRECATED_OBJC_IMPLEMENTATIONS = YES;
				CLANG_WARN_DIRECT_OBJC_ISA_USAGE = YES_ERROR;
				CLANG_WARN_DOCUMENTATION_COMMENTS = YES;
				CLANG_WARN_EMPTY_BODY = YES;
				CLANG_WARN_ENUM_CONVERSION = YES;
				CLANG_WARN_INFINITE_RECURSION = YES;
				CLANG_WARN_INT_CONVERSION = YES;
				CLANG_WARN_NON_LITERAL_NULL_CONVERSION = YES;
				CLANG_WARN_OBJC_IMPLICIT_RETAIN_SELF = YES;
				CLANG_WARN_OBJC_LITERAL_CONVERSION = YES;
				CLANG_WARN_OBJC_ROOT_CLASS = YES_ERROR;
				CLANG_WARN_RANGE_LOOP_ANALYSIS = YES;
				CLANG_WARN_STRICT_PROTOTYPES = YES;
				CLANG_WARN_SUSPICIOUS_MOVE = YES;
				CLANG_WARN_UNGUARDED_AVAILABILITY = YES_AGGRESSIVE;
				CLANG_WARN_UNREACHABLE_CODE = YES;
				CLANG_WARN__DUPLICATE_METHOD_MATCH = YES;
				COPY_PHASE_STRIP = NO;
				DEBUG_INFORMATION_FORMAT = dwarf;
				ENABLE_STRICT_OBJC_MSGSEND = YES;
				ENABLE_TESTABILITY = YES;
				GCC_C_LANGUAGE_STANDARD = gnu11;
				GCC_DYNAMIC_NO_PIC = NO;
				GCC_NO_COMMON_BLOCKS = YES;
				GCC_OPTIMIZATION_LEVEL = 0;
				GCC_PREPROCESSOR_DEFINITIONS = (
					"DEBUG=1",
					"$(inherited)",
				);
				GCC_WARN_64_TO_32_BIT_CONVERSION = YES;
				GCC_WARN_ABOUT_RETURN_TYPE = YES_ERROR;
				GCC_WARN_UNDECLARED_SELECTOR = YES;
				GCC_WARN_UNINITIALIZED_AUTOS = YES_AGGRESSIVE;
				GCC_WARN_UNUSED_FUNCTION = YES;
				GCC_WARN_UNUSED_VARIABLE = YES;
				IPHONEOS_DEPLOYMENT_TARGET = 13.7;
				MTL_ENABLE_DEBUG_INFO = INCLUDE_SOURCE;
				MTL_FAST_MATH = YES;
				ONLY_ACTIVE_ARCH = YES;
				SDKROOT = iphoneos;
				SWIFT_ACTIVE_COMPILATION_CONDITIONS = DEBUG;
				SWIFT_OPTIMIZATION_LEVEL = "-Onone";
			};
			name = Debug;
		};
		63B449F8257610C20038E1A4 /* Release */ = {
			isa = XCBuildConfiguration;
			buildSettings = {
				ALWAYS_SEARCH_USER_PATHS = NO;
				CLANG_ANALYZER_NONNULL = YES;
				CLANG_ANALYZER_NUMBER_OBJECT_CONVERSION = YES_AGGRESSIVE;
				CLANG_CXX_LANGUAGE_STANDARD = "gnu++14";
				CLANG_CXX_LIBRARY = "libc++";
				CLANG_ENABLE_MODULES = YES;
				CLANG_ENABLE_OBJC_ARC = YES;
				CLANG_ENABLE_OBJC_WEAK = YES;
				CLANG_WARN_BLOCK_CAPTURE_AUTORELEASING = YES;
				CLANG_WARN_BOOL_CONVERSION = YES;
				CLANG_WARN_COMMA = YES;
				CLANG_WARN_CONSTANT_CONVERSION = YES;
				CLANG_WARN_DEPRECATED_OBJC_IMPLEMENTATIONS = YES;
				CLANG_WARN_DIRECT_OBJC_ISA_USAGE = YES_ERROR;
				CLANG_WARN_DOCUMENTATION_COMMENTS = YES;
				CLANG_WARN_EMPTY_BODY = YES;
				CLANG_WARN_ENUM_CONVERSION = YES;
				CLANG_WARN_INFINITE_RECURSION = YES;
				CLANG_WARN_INT_CONVERSION = YES;
				CLANG_WARN_NON_LITERAL_NULL_CONVERSION = YES;
				CLANG_WARN_OBJC_IMPLICIT_RETAIN_SELF = YES;
				CLANG_WARN_OBJC_LITERAL_CONVERSION = YES;
				CLANG_WARN_OBJC_ROOT_CLASS = YES_ERROR;
				CLANG_WARN_RANGE_LOOP_ANALYSIS = YES;
				CLANG_WARN_STRICT_PROTOTYPES = YES;
				CLANG_WARN_SUSPICIOUS_MOVE = YES;
				CLANG_WARN_UNGUARDED_AVAILABILITY = YES_AGGRESSIVE;
				CLANG_WARN_UNREACHABLE_CODE = YES;
				CLANG_WARN__DUPLICATE_METHOD_MATCH = YES;
				COPY_PHASE_STRIP = NO;
				DEBUG_INFORMATION_FORMAT = "dwarf-with-dsym";
				ENABLE_NS_ASSERTIONS = NO;
				ENABLE_STRICT_OBJC_MSGSEND = YES;
				GCC_C_LANGUAGE_STANDARD = gnu11;
				GCC_NO_COMMON_BLOCKS = YES;
				GCC_WARN_64_TO_32_BIT_CONVERSION = YES;
				GCC_WARN_ABOUT_RETURN_TYPE = YES_ERROR;
				GCC_WARN_UNDECLARED_SELECTOR = YES;
				GCC_WARN_UNINITIALIZED_AUTOS = YES_AGGRESSIVE;
				GCC_WARN_UNUSED_FUNCTION = YES;
				GCC_WARN_UNUSED_VARIABLE = YES;
				IPHONEOS_DEPLOYMENT_TARGET = 13.7;
				MTL_ENABLE_DEBUG_INFO = NO;
				MTL_FAST_MATH = YES;
				SDKROOT = iphoneos;
				SWIFT_COMPILATION_MODE = wholemodule;
				SWIFT_OPTIMIZATION_LEVEL = "-O";
				VALIDATE_PRODUCT = YES;
			};
			name = Release;
		};
		63B449FA257610C20038E1A4 /* Debug */ = {
			isa = XCBuildConfiguration;
			baseConfigurationReference = 4967AC34D925FCD689E8CEF5 /* Pods-SocialLogin.debug.xcconfig */;
			buildSettings = {
				ASSETCATALOG_COMPILER_APPICON_NAME = AppIcon;
				CODE_SIGN_ENTITLEMENTS = SocialLogin/SocialLogin.entitlements;
				CODE_SIGN_STYLE = Automatic;
				DEVELOPMENT_TEAM = ZSYAXC2PYL;
				INFOPLIST_FILE = SocialLogin/Info.plist;
				LD_RUNPATH_SEARCH_PATHS = (
					"$(inherited)",
					"@executable_path/Frameworks",
				);
				PRODUCT_BUNDLE_IDENTIFIER = zenoTeam.SocialLogin;
				PRODUCT_NAME = "$(TARGET_NAME)";
				SWIFT_VERSION = 5.0;
				TARGETED_DEVICE_FAMILY = "1,2";
			};
			name = Debug;
		};
		63B449FB257610C20038E1A4 /* Release */ = {
			isa = XCBuildConfiguration;
			baseConfigurationReference = B344A05F6EA4BE52A0185136 /* Pods-SocialLogin.release.xcconfig */;
			buildSettings = {
				ASSETCATALOG_COMPILER_APPICON_NAME = AppIcon;
				CODE_SIGN_ENTITLEMENTS = SocialLogin/SocialLogin.entitlements;
				CODE_SIGN_STYLE = Automatic;
				DEVELOPMENT_TEAM = ZSYAXC2PYL;
				INFOPLIST_FILE = SocialLogin/Info.plist;
				LD_RUNPATH_SEARCH_PATHS = (
					"$(inherited)",
					"@executable_path/Frameworks",
				);
				PRODUCT_BUNDLE_IDENTIFIER = zenoTeam.SocialLogin;
				PRODUCT_NAME = "$(TARGET_NAME)";
				SWIFT_VERSION = 5.0;
				TARGETED_DEVICE_FAMILY = "1,2";
			};
			name = Release;
		};
/* End XCBuildConfiguration section */

/* Begin XCConfigurationList section */
		63B449E0257610C00038E1A4 /* Build configuration list for PBXProject "SocialLogin" */ = {
			isa = XCConfigurationList;
			buildConfigurations = (
				63B449F7257610C20038E1A4 /* Debug */,
				63B449F8257610C20038E1A4 /* Release */,
			);
			defaultConfigurationIsVisible = 0;
			defaultConfigurationName = Release;
		};
		63B449F9257610C20038E1A4 /* Build configuration list for PBXNativeTarget "SocialLogin" */ = {
			isa = XCConfigurationList;
			buildConfigurations = (
				63B449FA257610C20038E1A4 /* Debug */,
				63B449FB257610C20038E1A4 /* Release */,
			);
			defaultConfigurationIsVisible = 0;
			defaultConfigurationName = Release;
		};
/* End XCConfigurationList section */
	};
	rootObject = 63B449DD257610C00038E1A4 /* Project object */;
}
